
Microsoft Visual Studio Solution File, Format Version 11.00
# Visual Studio 2010
Project("{FAE04EC0-301F-11D3-BF4B-00C04F79EFBC}") = "HCAApp", "HCAApp\HCAApp.csproj", "{262CAB82-3215-464B-BC37-3B8E759D83EA}"
EndProject
Project("{FAE04EC0-301F-11D3-BF4B-00C04F79EFBC}") = "HCALib", "HCALib\HCALib.csproj", "{113EAA7D-3302-49CB-8A0C-5E35715D814B}"
EndProject
Global
	GlobalSection(SolutionConfigurationPlatforms) = preSolution
		Debug|Any CPU = Debug|Any CPU
		Release|Any CPU = Release|Any CPU
	EndGlobalSection
	GlobalSection(ProjectConfigurationPlatforms) = postSolution
		{262CAB82-3215-464B-BC37-3B8E759D83EA}.Debug|Any CPU.ActiveCfg = Debug|Any CPU
		{262CAB82-3215-464B-BC37-3B8E759D83EA}.Debug|Any CPU.Build.0 = Debug|Any CPU
		{262CAB82-3215-464B-BC37-3B8E759D83EA}.Release|Any CPU.ActiveCfg = Release|Any CPU
		{262CAB82-3215-464B-BC37-3B8E759D83EA}.Release|Any CPU.Build.0 = Release|Any CPU
		{113EAA7D-3302-49CB-8A0C-5E35715D814B}.Debug|Any CPU.ActiveCfg = Debug|Any CPU
		{113EAA7D-3302-49CB-8A0C-5E35715D814B}.Debug|Any CPU.Build.0 = Debug|Any CPU
		{113EAA7D-3302-49CB-8A0C-5E35715D814B}.Release|Any CPU.ActiveCfg = Release|Any CPU
		{113EAA7D-3302-49CB-8A0C-5E35715D814B}.Release|Any CPU.Build.0 = Release|Any CPU
	EndGlobalSection
	GlobalSection(SolutionProperties) = preSolution
		HideSolutionNode = FALSE
	EndGlobalSection
EndGlobal
